{
    "_readme": [
        "This file locks the dependencies of your project to a known state",
        "Read more about it at https://getcomposer.org/doc/01-basic-usage.md#installing-dependencies",
        "This file is @generated automatically"
    ],
    "content-hash": "21d93e1b8f4b73973822e75aa218ea15",
    "packages": [
        {
            "name": "erusev/parsedown",
            "version": "1.8.0-beta-7",
            "source": {
                "type": "git",
                "url": "https://github.com/erusev/parsedown.git",
                "reference": "fe7a50eceb4a3c867cc9fa9c0aa906b1067d1955"
            },
            "dist": {
                "type": "zip",
                "url": "https://api.github.com/repos/erusev/parsedown/zipball/fe7a50eceb4a3c867cc9fa9c0aa906b1067d1955",
                "reference": "fe7a50eceb4a3c867cc9fa9c0aa906b1067d1955",
                "shasum": ""
            },
            "require": {
                "ext-mbstring": "*",
                "php": ">=5.3.0"
            },
            "require-dev": {
                "phpunit/phpunit": "^4.8.35"
            },
            "type": "library",
            "autoload": {
                "psr-0": {
                    "Parsedown": ""
                }
            },
            "notification-url": "https://packagist.org/downloads/",
            "license": [
                "MIT"
            ],
            "authors": [
                {
                    "name": "Emanuil Rusev",
                    "email": "hello@erusev.com",
                    "homepage": "http://erusev.com"
                }
            ],
            "description": "Parser for Markdown.",
            "homepage": "http://parsedown.org",
            "keywords": [
                "markdown",
                "parser"
            ],
            "time": "2019-03-17T18:47:21+00:00"
        },
        {
            "name": "klein/klein",
            "version": "dev-master",
            "source": {
                "type": "git",
                "url": "https://github.com/klein/klein.php.git",
                "reference": "43d6725370929ba1c2cf1b0fbb94aab83b84f961"
            },
            "dist": {
                "type": "zip",
                "url": "https://api.github.com/repos/klein/klein.php/zipball/43d6725370929ba1c2cf1b0fbb94aab83b84f961",
                "reference": "43d6725370929ba1c2cf1b0fbb94aab83b84f961",
                "shasum": ""
            },
            "require": {
                "php": ">=5.3.0"
            },
            "require-dev": {
                "phpunit/php-code-coverage": "^2.2",
                "phpunit/phpunit": "^4.8",
                "squizlabs/php_codesniffer": "1.4.8"
            },
            "type": "library",
            "autoload": {
                "psr-4": {
                    "Klein\\": "src/Klein/"
                }
            },
            "notification-url": "https://packagist.org/downloads/",
            "license": [
                "MIT"
            ],
            "authors": [
                {
                    "name": "Chris O'Hara",
                    "email": "cohara87@gmail.com",
                    "homepage": "http://chris6f.com/",
                    "role": "Creator/Developer"
                },
                {
                    "name": "Trevor Suarez",
                    "email": "rican7@gmail.com",
                    "homepage": "https://trevorsuarez.com/",
                    "role": "Contributor/Developer"
                }
            ],
            "description": "A lightning fast router for PHP",
            "homepage": "https://github.com/klein/klein.php",
            "keywords": [
                "boilerplate",
                "router",
                "routing",
                "sinatra"
            ],
            "time": "2017-02-02T03:08:40+00:00"
        },
        {
            "name": "neo-framework/neo-core",
            "version": "dev-master",
            "source": {
                "type": "git",
                "url": "https://github.com/neo-framework/neo-core.git",
                "reference": "34ff17ab78d7f70ff26dac4dde4b278ff71a99e6"
            },
            "dist": {
                "type": "zip",
                "url": "https://api.github.com/repos/neo-framework/neo-core/zipball/34ff17ab78d7f70ff26dac4dde4b278ff71a99e6",
                "reference": "34ff17ab78d7f70ff26dac4dde4b278ff71a99e6",
                "shasum": ""
            },
            "require": {
                "klein/klein": "dev-master",
                "php": "^7.1",
                "psr/log": "^1.0",
                "younishd/endobox": "^4.0"
            },
            "require-dev": {
                "phpunit/phpunit": "^6.5"
            },
            "type": "library",
            "autoload": {
                "psr-4": {
                    "neo\\core\\": "src/neo/core/"
                }
            },
            "notification-url": "https://packagist.org/downloads/",
            "license": [
                "MIT"
            ],
            "authors": [
                {
                    "name": "YouniS Bensalah",
                    "email": "younis.bensalah@gmail.com",
                    "homepage": "https://younishd.fr"
                }
            ],
            "description": "Core components from Neo Framework.",
            "homepage": "https://neo-framework.github.io",
            "keywords": [
                "Neo",
                "framework"
            ],
            "time": "2019-11-09T20:37:26+00:00"
        },
        {
            "name": "psr/log",
            "version": "dev-master",
            "source": {
                "type": "git",
                "url": "https://github.com/php-fig/log.git",
                "reference": "0f73288fd15629204f9d42b7055f72dacbe811fc"
            },
            "dist": {
                "type": "zip",
                "url": "https://api.github.com/repos/php-fig/log/zipball/0f73288fd15629204f9d42b7055f72dacbe811fc",
                "reference": "0f73288fd15629204f9d42b7055f72dacbe811fc",
                "shasum": ""
            },
            "require": {
                "php": ">=5.3.0"
            },
            "type": "library",
            "extra": {
                "branch-alias": {
                    "dev-master": "1.1.x-dev"
                }
            },
            "autoload": {
                "psr-4": {
                    "Psr\\Log\\": "Psr/Log/"
                }
            },
            "notification-url": "https://packagist.org/downloads/",
            "license": [
                "MIT"
            ],
            "authors": [
                {
                    "name": "PHP-FIG",
                    "homepage": "http://www.php-fig.org/"
                }
            ],
            "description": "Common interface for logging libraries",
            "homepage": "https://github.com/php-fig/log",
            "keywords": [
                "log",
                "psr",
                "psr-3"
            ],
            "time": "2020-03-23T09:12:05+00:00"
        },
        {
            "name": "younishd/endobox",
            "version": "v4.3.0",
            "source": {
                "type": "git",
                "url": "https://github.com/younishd/endobox.git",
                "reference": "57dfe0e110d555fa6b0149f2ce0b739e0037225f"
            },
            "dist": {
                "type": "zip",
                "url": "https://api.github.com/repos/younishd/endobox/zipball/57dfe0e110d555fa6b0149f2ce0b739e0037225f",
                "reference": "57dfe0e110d555fa6b0149f2ce0b739e0037225f",
                "shasum": ""
            },
            "require": {
                "erusev/parsedown": "^1.6",
                "php": "^7.0"
            },
            "require-dev": {
                "phpunit/phpunit": "^6.5"
            },
            "type": "library",
            "autoload": {
                "psr-4": {
                    "endobox\\": "src/endobox/"
                }
            },
            "notification-url": "https://packagist.org/downloads/",
            "license": [
                "MIT"
            ],
            "authors": [
                {
                    "name": "Younis Bensalah",
                    "email": "younis.bensalah@gmail.com",
                    "homepage": "https://younishd.fr"
                }
            ],
            "description": "minimal template engine.",
            "homepage": "https://github.com/younishd/endobox",
            "keywords": [
                "engine",
                "markdown",
                "php",
                "template"
            ],
            "time": "2020-06-24T12:36:47+00:00"
        }
    ],
    "packages-dev": [],
    "aliases": [],
    "minimum-stability": "dev",
    "stability-flags": {
        "neo-framework/neo-core": 20
    },
    "prefer-stable": false,
    "prefer-lowest": false,
    "platform": [],
    "platform-dev": [],
    "platform-overrides": {
        "php": "7.1.0"
    },
    "plugin-api-version": "1.1.0"
}
